// !$*UTF8*$!
{
	archiveVersion = 1;
	classes = {
	};
	objectVersion = 46;
	objects = {

/* Begin PBXBuildFile section */
		257D9E1E1C36F5D7004B0025 /* USA-HotelMotel.csv in Resources */ = {isa = PBXBuildFile; fileRef = 257D9E1D1C36F5D7004B0025 /* USA-HotelMotel.csv */; };
		E44063B617FF44A500E3A194 /* TBClusterAnnotationView.m in Sources */ = {isa = PBXBuildFile; fileRef = E44063B517FF44A500E3A194 /* TBClusterAnnotationView.m */; };
		E47A6E8D17F62C0700A468D1 /* Foundation.framework in Frameworks */ = {isa = PBXBuildFile; fileRef = E47A6E8C17F62C0700A468D1 /* Foundation.framework */; };
		E47A6E8F17F62C0700A468D1 /* CoreGraphics.framework in Frameworks */ = {isa = PBXBuildFile; fileRef = E47A6E8E17F62C0700A468D1 /* CoreGraphics.framework */; };
		E47A6E9117F62C0700A468D1 /* UIKit.framework in Frameworks */ = {isa = PBXBuildFile; fileRef = E47A6E9017F62C0700A468D1 /* UIKit.framework */; };
		E47A6E9717F62C0700A468D1 /* InfoPlist.strings in Resources */ = {isa = PBXBuildFile; fileRef = E47A6E9517F62C0700A468D1 /* InfoPlist.strings */; };
		E47A6E9917F62C0700A468D1 /* main.m in Sources */ = {isa = PBXBuildFile; fileRef = E47A6E9817F62C0700A468D1 /* main.m */; };
		E47A6E9D17F62C0700A468D1 /* TBAppDelegate.m in Sources */ = {isa = PBXBuildFile; fileRef = E47A6E9C17F62C0700A468D1 /* TBAppDelegate.m */; };
		E47A6E9F17F62C0700A468D1 /* Images.xcassets in Resources */ = {isa = PBXBuildFile; fileRef = E47A6E9E17F62C0700A468D1 /* Images.xcassets */; };
		E47A6EA617F62C0700A468D1 /* XCTest.framework in Frameworks */ = {isa = PBXBuildFile; fileRef = E47A6EA517F62C0700A468D1 /* XCTest.framework */; };
		E47A6EA717F62C0700A468D1 /* Foundation.framework in Frameworks */ = {isa = PBXBuildFile; fileRef = E47A6E8C17F62C0700A468D1 /* Foundation.framework */; };
		E47A6EA817F62C0700A468D1 /* UIKit.framework in Frameworks */ = {isa = PBXBuildFile; fileRef = E47A6E9017F62C0700A468D1 /* UIKit.framework */; };
		E480B06C1804F047006247FA /* TBClusterAnnotation.m in Sources */ = {isa = PBXBuildFile; fileRef = E480B06B1804F047006247FA /* TBClusterAnnotation.m */; };
		E4FB04C417F6302000FC288B /* TBQuadTree.m in Sources */ = {isa = PBXBuildFile; fileRef = E4FB04C317F6302000FC288B /* TBQuadTree.m */; };
		E4FB04CD17F6320B00FC288B /* TBCoordinateQuadTree.m in Sources */ = {isa = PBXBuildFile; fileRef = E4FB04CC17F6320B00FC288B /* TBCoordinateQuadTree.m */; };
		E4FB04CF17F6396700FC288B /* MapKit.framework in Frameworks */ = {isa = PBXBuildFile; fileRef = E4FB04CE17F6396700FC288B /* MapKit.framework */; };
		E4FB04D217F6522700FC288B /* TBMapViewController.m in Sources */ = {isa = PBXBuildFile; fileRef = E4FB04D117F6522700FC288B /* TBMapViewController.m */; };
		E4FB04D417F654F500FC288B /* CoreLocation.framework in Frameworks */ = {isa = PBXBuildFile; fileRef = E4FB04D317F654F500FC288B /* CoreLocation.framework */; };
/* End PBXBuildFile section */

/* Begin PBXContainerItemProxy section */
		E47A6EA917F62C0700A468D1 /* PBXContainerItemProxy */ = {
			isa = PBXContainerItemProxy;
			containerPortal = E47A6E8117F62C0700A468D1 /* Project object */;
			proxyType = 1;
			remoteGlobalIDString = E47A6E8817F62C0700A468D1;
			remoteInfo = TBAnnotationClustering;
		};
/* End PBXContainerItemProxy section */

/* Begin PBXFileReference section */
		257D9E1D1C36F5D7004B0025 /* USA-HotelMotel.csv */ = {isa = PBXFileReference; fileEncoding = 4; lastKnownFileType = text; path = "USA-HotelMotel.csv"; sourceTree = SOURCE_ROOT; };
		E44063B417FF44A500E3A194 /* TBClusterAnnotationView.h */ = {isa = PBXFileReference; fileEncoding = 4; lastKnownFileType = sourcecode.c.h; path = TBClusterAnnotationView.h; sourceTree = "<group>"; };
		E44063B517FF44A500E3A194 /* TBClusterAnnotationView.m */ = {isa = PBXFileReference; fileEncoding = 4; lastKnownFileType = sourcecode.c.objc; path = TBClusterAnnotationView.m; sourceTree = "<group>"; };
		E47A6E8917F62C0700A468D1 /* TBAnnotationClustering.app */ = {isa = PBXFileReference; explicitFileType = wrapper.application; includeInIndex = 0; path = TBAnnotationClustering.app; sourceTree = BUILT_PRODUCTS_DIR; };
		E47A6E8C17F62C0700A468D1 /* Foundation.framework */ = {isa = PBXFileReference; lastKnownFileType = wrapper.framework; name = Foundation.framework; path = System/Library/Frameworks/Foundation.framework; sourceTree = SDKROOT; };
		E47A6E8E17F62C0700A468D1 /* CoreGraphics.framework */ = {isa = PBXFileReference; lastKnownFileType = wrapper.framework; name = CoreGraphics.framework; path = System/Library/Frameworks/CoreGraphics.framework; sourceTree = SDKROOT; };
		E47A6E9017F62C0700A468D1 /* UIKit.framework */ = {isa = PBXFileReference; lastKnownFileType = wrapper.framework; name = UIKit.framework; path = System/Library/Frameworks/UIKit.framework; sourceTree = SDKROOT; };
		E47A6E9417F62C0700A468D1 /* TBAnnotationClustering-Info.plist */ = {isa = PBXFileReference; lastKnownFileType = text.plist.xml; path = "TBAnnotationClustering-Info.plist"; sourceTree = "<group>"; };
		E47A6E9617F62C0700A468D1 /* en */ = {isa = PBXFileReference; lastKnownFileType = text.plist.strings; name = en; path = en.lproj/InfoPlist.strings; sourceTree = "<group>"; };
		E47A6E9817F62C0700A468D1 /* main.m */ = {isa = PBXFileReference; lastKnownFileType = sourcecode.c.objc; path = main.m; sourceTree = "<group>"; };
		E47A6E9A17F62C0700A468D1 /* TBAnnotationClustering-Prefix.pch */ = {isa = PBXFileReference; lastKnownFileType = sourcecode.c.h; path = "TBAnnotationClustering-Prefix.pch"; sourceTree = "<group>"; };
		E47A6E9B17F62C0700A468D1 /* TBAppDelegate.h */ = {isa = PBXFileReference; lastKnownFileType = sourcecode.c.h; path = TBAppDelegate.h; sourceTree = "<group>"; };
		E47A6E9C17F62C0700A468D1 /* TBAppDelegate.m */ = {isa = PBXFileReference; lastKnownFileType = sourcecode.c.objc; path = TBAppDelegate.m; sourceTree = "<group>"; };
		E47A6E9E17F62C0700A468D1 /* Images.xcassets */ = {isa = PBXFileReference; lastKnownFileType = folder.assetcatalog; path = Images.xcassets; sourceTree = "<group>"; };
		E47A6EA417F62C0700A468D1 /* TBAnnotationClusteringTests.xctest */ = {isa = PBXFileReference; explicitFileType = wrapper.cfbundle; includeInIndex = 0; path = TBAnnotationClusteringTests.xctest; sourceTree = BUILT_PRODUCTS_DIR; };
		E47A6EA517F62C0700A468D1 /* XCTest.framework */ = {isa = PBXFileReference; lastKnownFileType = wrapper.framework; name = XCTest.framework; path = Library/Frameworks/XCTest.framework; sourceTree = DEVELOPER_DIR; };
		E480B06A1804F047006247FA /* TBClusterAnnotation.h */ = {isa = PBXFileReference; fileEncoding = 4; lastKnownFileType = sourcecode.c.h; path = TBClusterAnnotation.h; sourceTree = "<group>"; };
		E480B06B1804F047006247FA /* TBClusterAnnotation.m */ = {isa = PBXFileReference; fileEncoding = 4; lastKnownFileType = sourcecode.c.objc; path = TBClusterAnnotation.m; sourceTree = "<group>"; };
		E4FB04C217F6302000FC288B /* TBQuadTree.h */ = {isa = PBXFileReference; fileEncoding = 4; lastKnownFileType = sourcecode.c.h; path = TBQuadTree.h; sourceTree = "<group>"; };
		E4FB04C317F6302000FC288B /* TBQuadTree.m */ = {isa = PBXFileReference; fileEncoding = 4; lastKnownFileType = sourcecode.c.objc; path = TBQuadTree.m; sourceTree = "<group>"; };
		E4FB04CB17F6320B00FC288B /* TBCoordinateQuadTree.h */ = {isa = PBXFileReference; fileEncoding = 4; lastKnownFileType = sourcecode.c.h; path = TBCoordinateQuadTree.h; sourceTree = "<group>"; };
		E4FB04CC17F6320B00FC288B /* TBCoordinateQuadTree.m */ = {isa = PBXFileReference; fileEncoding = 4; lastKnownFileType = sourcecode.c.objc; path = TBCoordinateQuadTree.m; sourceTree = "<group>"; };
		E4FB04CE17F6396700FC288B /* MapKit.framework */ = {isa = PBXFileReference; lastKnownFileType = wrapper.framework; name = MapKit.framework; path = System/Library/Frameworks/MapKit.framework; sourceTree = SDKROOT; };
		E4FB04D017F6522700FC288B /* TBMapViewController.h */ = {isa = PBXFileReference; fileEncoding = 4; lastKnownFileType = sourcecode.c.h; path = TBMapViewController.h; sourceTree = "<group>"; };
		E4FB04D117F6522700FC288B /* TBMapViewController.m */ = {isa = PBXFileReference; fileEncoding = 4; lastKnownFileType = sourcecode.c.objc; path = TBMapViewController.m; sourceTree = "<group>"; };
		E4FB04D317F654F500FC288B /* CoreLocation.framework */ = {isa = PBXFileReference; lastKnownFileType = wrapper.framework; name = CoreLocation.framework; path = System/Library/Frameworks/CoreLocation.framework; sourceTree = SDKROOT; };
/* End PBXFileReference section */

/* Begin PBXFrameworksBuildPhase section */
		E47A6E8617F62C0700A468D1 /* Frameworks */ = {
			isa = PBXFrameworksBuildPhase;
			buildActionMask = 2147483647;
			files = (
				E4FB04D417F654F500FC288B /* CoreLocation.framework in Frameworks */,
				E4FB04CF17F6396700FC288B /* MapKit.framework in Frameworks */,
				E47A6E8F17F62C0700A468D1 /* CoreGraphics.framework in Frameworks */,
				E47A6E9117F62C0700A468D1 /* UIKit.framework in Frameworks */,
				E47A6E8D17F62C0700A468D1 /* Foundation.framework in Frameworks */,
			);
			runOnlyForDeploymentPostprocessing = 0;
		};
		E47A6EA117F62C0700A468D1 /* Frameworks */ = {
			isa = PBXFrameworksBuildPhase;
			buildActionMask = 2147483647;
			files = (
				E47A6EA617F62C0700A468D1 /* XCTest.framework in Frameworks */,
				E47A6EA817F62C0700A468D1 /* UIKit.framework in Frameworks */,
				E47A6EA717F62C0700A468D1 /* Foundation.framework in Frameworks */,
			);
			runOnlyForDeploymentPostprocessing = 0;
		};
/* End PBXFrameworksBuildPhase section */

/* Begin PBXGroup section */
		E47A6E8017F62C0700A468D1 = {
			isa = PBXGroup;
			children = (
				E47A6E9217F62C0700A468D1 /* TBAnnotationClustering */,
				E47A6E8B17F62C0700A468D1 /* Frameworks */,
				E47A6E8A17F62C0700A468D1 /* Products */,
			);
			sourceTree = "<group>";
		};
		E47A6E8A17F62C0700A468D1 /* Products */ = {
			isa = PBXGroup;
			children = (
				E47A6E8917F62C0700A468D1 /* TBAnnotationClustering.app */,
				E47A6EA417F62C0700A468D1 /* TBAnnotationClusteringTests.xctest */,
			);
			name = Products;
			sourceTree = "<group>";
		};
		E47A6E8B17F62C0700A468D1 /* Frameworks */ = {
			isa = PBXGroup;
			children = (
				E4FB04D317F654F500FC288B /* CoreLocation.framework */,
				E4FB04CE17F6396700FC288B /* MapKit.framework */,
				E47A6E8C17F62C0700A468D1 /* Foundation.framework */,
				E47A6E8E17F62C0700A468D1 /* CoreGraphics.framework */,
				E47A6E9017F62C0700A468D1 /* UIKit.framework */,
				E47A6EA517F62C0700A468D1 /* XCTest.framework */,
			);
			name = Frameworks;
			sourceTree = "<group>";
		};
		E47A6E9217F62C0700A468D1 /* TBAnnotationClustering */ = {
			isa = PBXGroup;
			children = (
				E47A6E9B17F62C0700A468D1 /* TBAppDelegate.h */,
				E47A6E9C17F62C0700A468D1 /* TBAppDelegate.m */,
				E4FB04C217F6302000FC288B /* TBQuadTree.h */,
				E4FB04C317F6302000FC288B /* TBQuadTree.m */,
				E4FB04CB17F6320B00FC288B /* TBCoordinateQuadTree.h */,
				E4FB04CC17F6320B00FC288B /* TBCoordinateQuadTree.m */,
				E4FB04D017F6522700FC288B /* TBMapViewController.h */,
				E4FB04D117F6522700FC288B /* TBMapViewController.m */,
				E480B06A1804F047006247FA /* TBClusterAnnotation.h */,
				E480B06B1804F047006247FA /* TBClusterAnnotation.m */,
				E44063B417FF44A500E3A194 /* TBClusterAnnotationView.h */,
				E44063B517FF44A500E3A194 /* TBClusterAnnotationView.m */,
				E47A6E9E17F62C0700A468D1 /* Images.xcassets */,
				E47A6E9317F62C0700A468D1 /* Supporting Files */,
			);
			path = TBAnnotationClustering;
			sourceTree = "<group>";
		};
		E47A6E9317F62C0700A468D1 /* Supporting Files */ = {
			isa = PBXGroup;
			children = (
				257D9E1D1C36F5D7004B0025 /* USA-HotelMotel.csv */,
				E47A6E9417F62C0700A468D1 /* TBAnnotationClustering-Info.plist */,
				E47A6E9517F62C0700A468D1 /* InfoPlist.strings */,
				E47A6E9817F62C0700A468D1 /* main.m */,
				E47A6E9A17F62C0700A468D1 /* TBAnnotationClustering-Prefix.pch */,
			);
			name = "Supporting Files";
			sourceTree = "<group>";
		};
/* End PBXGroup section */

/* Begin PBXNativeTarget section */
		E47A6E8817F62C0700A468D1 /* TBAnnotationClustering */ = {
			isa = PBXNativeTarget;
			buildConfigurationList = E47A6EB517F62C0700A468D1 /* Build configuration list for PBXNativeTarget "TBAnnotationClustering" */;
			buildPhases = (
				E47A6E8517F62C0700A468D1 /* Sources */,
				E47A6E8617F62C0700A468D1 /* Frameworks */,
				E47A6E8717F62C0700A468D1 /* Resources */,
			);
			buildRules = (
			);
			dependencies = (
			);
			name = TBAnnotationClustering;
			productName = TBAnnotationClustering;
			productReference = E47A6E8917F62C0700A468D1 /* TBAnnotationClustering.app */;
			productType = "com.apple.product-type.application";
		};
		E47A6EA317F62C0700A468D1 /* TBAnnotationClusteringTests */ = {
			isa = PBXNativeTarget;
			buildConfigurationList = E47A6EB817F62C0700A468D1 /* Build configuration list for PBXNativeTarget "TBAnnotationClusteringTests" */;
			buildPhases = (
				E47A6EA017F62C0700A468D1 /* Sources */,
				E47A6EA117F62C0700A468D1 /* Frameworks */,
				E47A6EA217F62C0700A468D1 /* Resources */,
			);
			buildRules = (
			);
			dependencies = (
				E47A6EAA17F62C0700A468D1 /* PBXTargetDependency */,
			);
			name = TBAnnotationClusteringTests;
			productName = TBAnnotationClusteringTests;
			productReference = E47A6EA417F62C0700A468D1 /* TBAnnotationClusteringTests.xctest */;
			productType = "com.apple.product-type.bundle.unit-test";
		};
/* End PBXNativeTarget section */

/* Begin PBXProject section */
		E47A6E8117F62C0700A468D1 /* Project object */ = {
			isa = PBXProject;
			attributes = {
				CLASSPREFIX = TB;
				LastUpgradeCheck = 0720;
				ORGANIZATIONNAME = "Theodore Calmes";
				TargetAttributes = {
					E47A6EA317F62C0700A468D1 = {
						TestTargetID = E47A6E8817F62C0700A468D1;
					};
				};
			};
			buildConfigurationList = E47A6E8417F62C0700A468D1 /* Build configuration list for PBXProject "TBAnnotationClustering" */;
			compatibilityVersion = "Xcode 3.2";
			developmentRegion = English;
			hasScannedForEncodings = 0;
			knownRegions = (
				en,
			);
			mainGroup = E47A6E8017F62C0700A468D1;
			productRefGroup = E47A6E8A17F62C0700A468D1 /* Products */;
			projectDirPath = "";
			projectRoot = "";
			targets = (
				E47A6E8817F62C0700A468D1 /* TBAnnotationClustering */,
				E47A6EA317F62C0700A468D1 /* TBAnnotationClusteringTests */,
			);
		};
/* End PBXProject section */

/* Begin PBXResourcesBuildPhase section */
		E47A6E8717F62C0700A468D1 /* Resources */ = {
			isa = PBXResourcesBuildPhase;
			buildActionMask = 2147483647;
			files = (
				257D9E1E1C36F5D7004B0025 /* USA-HotelMotel.csv in Resources */,
				E47A6E9717F62C0700A468D1 /* InfoPlist.strings in Resources */,
				E47A6E9F17F62C0700A468D1 /* Images.xcassets in Resources */,
			);
			runOnlyForDeploymentPostprocessing = 0;
		};
		E47A6EA217F62C0700A468D1 /* Resources */ = {
			isa = PBXResourcesBuildPhase;
			buildActionMask = 2147483647;
			files = (
			);
			runOnlyForDeploymentPostprocessing = 0;
		};
/* End PBXResourcesBuildPhase section */

/* Begin PBXSourcesBuildPhase section */
		E47A6E8517F62C0700A468D1 /* Sources */ = {
			isa = PBXSourcesBuildPhase;
			buildActionMask = 2147483647;
			files = (
				E4FB04C417F6302000FC288B /* TBQuadTree.m in Sources */,
				E47A6E9D17F62C0700A468D1 /* TBAppDelegate.m in Sources */,
				E44063B617FF44A500E3A194 /* TBClusterAnnotationView.m in Sources */,
				E480B06C1804F047006247FA /* TBClusterAnnotation.m in Sources */,
				E4FB04D217F6522700FC288B /* TBMapViewController.m in Sources */,
				E4FB04CD17F6320B00FC288B /* TBCoordinateQuadTree.m in Sources */,
				E47A6E9917F62C0700A468D1 /* main.m in Sources */,
			);
			runOnlyForDeploymentPostprocessing = 0;
		};
		E47A6EA017F62C0700A468D1 /* Sources */ = {
			isa = PBXSourcesBuildPhase;
			buildActionMask = 2147483647;
			files = (
			);
			runOnlyForDeploymentPostprocessing = 0;
		};
/* End PBXSourcesBuildPhase section */

/* Begin PBXTargetDependency section */
		E47A6EAA17F62C0700A468D1 /* PBXTargetDependency */ = {
			isa = PBXTargetDependency;
			target = E47A6E8817F62C0700A468D1 /* TBAnnotationClustering */;
			targetProxy = E47A6EA917F62C0700A468D1 /* PBXContainerItemProxy */;
		};
/* End PBXTargetDependency section */

/* Begin PBXVariantGroup section */
		E47A6E9517F62C0700A468D1 /* InfoPlist.strings */ = {
			isa = PBXVariantGroup;
			children = (
				E47A6E9617F62C0700A468D1 /* en */,
			);
			name = InfoPlist.strings;
			sourceTree = "<group>";
		};
/* End PBXVariantGroup section */

/* Begin XCBuildConfiguration section */
		E47A6EB317F62C0700A468D1 /* Debug */ = {
			isa = XCBuildConfiguration;
			buildSettings = {
				ALWAYS_SEARCH_USER_PATHS = NO;
				CLANG_CXX_LANGUAGE_STANDARD = "gnu++0x";
				CLANG_CXX_LIBRARY = "libc++";
				CLANG_ENABLE_MODULES = YES;
				CLANG_ENABLE_OBJC_ARC = YES;
				CLANG_WARN_BOOL_CONVERSION = YES;
				CLANG_WARN_CONSTANT_CONVERSION = YES;
				CLANG_WARN_DIRECT_OBJC_ISA_USAGE = YES_ERROR;
				CLANG_WARN_EMPTY_BODY = YES;
				CLANG_WARN_ENUM_CONVERSION = YES;
				CLANG_WARN_INT_CONVERSION = YES;
				CLANG_WARN_OBJC_ROOT_CLASS = YES_ERROR;
				CLANG_WARN__DUPLICATE_METHOD_MATCH = YES;
				"CODE_SIGN_IDENTITY[sdk=iphoneos*]" = "iPhone Developer";
				COPY_PHASE_STRIP = NO;
				ENABLE_TESTABILITY = YES;
				GCC_C_LANGUAGE_STANDARD = gnu99;
				GCC_DYNAMIC_NO_PIC = NO;
				GCC_OPTIMIZATION_LEVEL = 0;
				GCC_PREPROCESSOR_DEFINITIONS = (
					"DEBUG=1",
					"$(inherited)",
				);
				GCC_SYMBOLS_PRIVATE_EXTERN = NO;
				GCC_WARN_64_TO_32_BIT_CONVERSION = YES;
				GCC_WARN_ABOUT_RETURN_TYPE = YES_ERROR;
				GCC_WARN_UNDECLARED_SELECTOR = YES;
				GCC_WARN_UNINITIALIZED_AUTOS = YES;
				GCC_WARN_UNUSED_FUNCTION = YES;
				GCC_WARN_UNUSED_VARIABLE = YES;
				IPHONEOS_DEPLOYMENT_TARGET = 7.0;
				ONLY_ACTIVE_ARCH = YES;
				SDKROOT = iphoneos;
			};
			name = Debug;
		};
		E47A6EB417F62C0700A468D1 /* Release */ = {
			isa = XCBuildConfiguration;
			buildSettings = {
				ALWAYS_SEARCH_USER_PATHS = NO;
				CLANG_CXX_LANGUAGE_STANDARD = "gnu++0x";
				CLANG_CXX_LIBRARY = "libc++";
				CLANG_ENABLE_MODULES = YES;
				CLANG_ENABLE_OBJC_ARC = YES;
				CLANG_WARN_BOOL_CONVERSION = YES;
				CLANG_WARN_CONSTANT_CONVERSION = YES;
				CLANG_WARN_DIRECT_OBJC_ISA_USAGE = YES_ERROR;
				CLANG_WARN_EMPTY_BODY = YES;
				CLANG_WARN_ENUM_CONVERSION = YES;
				CLANG_WARN_INT_CONVERSION = YES;
				CLANG_WARN_OBJC_ROOT_CLASS = YES_ERROR;
				CLANG_WARN__DUPLICATE_METHOD_MATCH = YES;
				"CODE_SIGN_IDENTITY[sdk=iphoneos*]" = "iPhone Developer";
				COPY_PHASE_STRIP = YES;
				ENABLE_NS_ASSERTIONS = NO;
				GCC_C_LANGUAGE_STANDARD = gnu99;
				GCC_WARN_64_TO_32_BIT_CONVERSION = YES;
				GCC_WARN_ABOUT_RETURN_TYPE = YES_ERROR;
				GCC_WARN_UNDECLARED_SELECTOR = YES;
				GCC_WARN_UNINITIALIZED_AUTOS = YES;
				GCC_WARN_UNUSED_FUNCTION = YES;
				GCC_WARN_UNUSED_VARIABLE = YES;
				IPHONEOS_DEPLOYMENT_TARGET = 7.0;
				SDKROOT = iphoneos;
				VALIDATE_PRODUCT = YES;
			};
			name = Release;
		};
		E47A6EB617F62C0700A468D1 /* Debug */ = {
			isa = XCBuildConfiguration;
			buildSettings = {
				ASSETCATALOG_COMPILER_APPICON_NAME = AppIcon;
				ASSETCATALOG_COMPILER_LAUNCHIMAGE_NAME = LaunchImage;
				GCC_PRECOMPILE_PREFIX_HEADER = YES;
				GCC_PREFIX_HEADER = "TBAnnotationClustering/TBAnnotationClustering-Prefix.pch";
				INFOPLIST_FILE = "TBAnnotationClustering/TBAnnotationClustering-Info.plist";
				PRODUCT_BUNDLE_IDENTIFIER = "thoughtbot.${PRODUCT_NAME:rfc1034identifier}";
				PRODUCT_NAME = "$(TARGET_NAME)";
				WRAPPER_EXTENSION = app;
			};
			name = Debug;
		};
		E47A6EB717F62C0700A468D1 /* Release */ = {
			isa = XCBuildConfiguration;
			buildSettings = {
				ASSETCATALOG_COMPILER_APPICON_NAME = AppIcon;
				ASSETCATALOG_COMPILER_LAUNCHIMAGE_NAME = LaunchImage;
				GCC_PRECOMPILE_PREFIX_HEADER = YES;
				GCC_PREFIX_HEADER = "TBAnnotationClustering/TBAnnotationClustering-Prefix.pch";
				INFOPLIST_FILE = "TBAnnotationClustering/TBAnnotationClustering-Info.plist";
				PRODUCT_BUNDLE_IDENTIFIER = "thoughtbot.${PRODUCT_NAME:rfc1034identifier}";
				PRODUCT_NAME = "$(TARGET_NAME)";
				WRAPPER_EXTENSION = app;
			};
			name = Release;
		};
		E47A6EB917F62C0700A468D1 /* Debug */ = {
			isa = XCBuildConfiguration;
			buildSettings = {
				BUNDLE_LOADER = "$(BUILT_PRODUCTS_DIR)/TBAnnotationClustering.app/TBAnnotationClustering";
				FRAMEWORK_SEARCH_PATHS = (
					"$(SDKROOT)/Developer/Library/Frameworks",
					"$(inherited)",
					"$(DEVELOPER_FRAMEWORKS_DIR)",
				);
				GCC_PRECOMPILE_PREFIX_HEADER = YES;
				GCC_PREFIX_HEADER = "TBAnnotationClustering/TBAnnotationClustering-Prefix.pch";
				GCC_PREPROCESSOR_DEFINITIONS = (
					"DEBUG=1",
					"$(inherited)",
				);
				INFOPLIST_FILE = "TBAnnotationClusteringTests/TBAnnotationClusteringTests-Info.plist";
				PRODUCT_NAME = "$(TARGET_NAME)";
				TEST_HOST = "$(BUNDLE_LOADER)";
				WRAPPER_EXTENSION = xctest;
			};
			name = Debug;
		};
		E47A6EBA17F62C0700A468D1 /* Release */ = {
			isa = XCBuildConfiguration;
			buildSettings = {
				BUNDLE_LOADER = "$(BUILT_PRODUCTS_DIR)/TBAnnotationClustering.app/TBAnnotationClustering";
				FRAMEWORK_SEARCH_PATHS = (
					"$(SDKROOT)/Developer/Library/Frameworks",
					"$(inherited)",
					"$(DEVELOPER_FRAMEWORKS_DIR)",
				);
				GCC_PRECOMPILE_PREFIX_HEADER = YES;
				GCC_PREFIX_HEADER = "TBAnnotationClustering/TBAnnotationClustering-Prefix.pch";
				INFOPLIST_FILE = "TBAnnotationClusteringTests/TBAnnotationClusteringTests-Info.plist";
				PRODUCT_NAME = "$(TARGET_NAME)";
				TEST_HOST = "$(BUNDLE_LOADER)";
				WRAPPER_EXTENSION = xctest;
			};
			name = Release;
		};
/* End XCBuildConfiguration section */

/* Begin XCConfigurationList section */
		E47A6E8417F62C0700A468D1 /* Build configuration list for PBXProject "TBAnnotationClustering" */ = {
			isa = XCConfigurationList;
			buildConfigurations = (
				E47A6EB317F62C0700A468D1 /* Debug */,
				E47A6EB417F62C0700A468D1 /* Release */,
			);
			defaultConfigurationIsVisible = 0;
			defaultConfigurationName = Release;
		};
		E47A6EB517F62C0700A468D1 /* Build configuration list for PBXNativeTarget "TBAnnotationClustering" */ = {
			isa = XCConfigurationList;
			buildConfigurations = (
				E47A6EB617F62C0700A468D1 /* Debug */,
				E47A6EB717F62C0700A468D1 /* Release */,
			);
			defaultConfigurationIsVisible = 0;
			defaultConfigurationName = Release;
		};
		E47A6EB817F62C0700A468D1 /* Build configuration list for PBXNativeTarget "TBAnnotationClusteringTests" */ = {
			isa = XCConfigurationList;
			buildConfigurations = (
				E47A6EB917F62C0700A468D1 /* Debug */,
				E47A6EBA17F62C0700A468D1 /* Release */,
			);
			defaultConfigurationIsVisible = 0;
			defaultConfigurationName = Release;
		};
/* End XCConfigurationList section */
	};
	rootObject = E47A6E8117F62C0700A468D1 /* Project object */;
}
